
Microsoft Visual Studio Solution File, Format Version 12.00
# Visual Studio Version 17
VisualStudioVersion = 17.3.32708.82
MinimumVisualStudioVersion = 10.0.40219.1
Project("{FAE04EC0-301F-11D3-BF4B-00C04F79EFBC}") = "JogodaVelha.UWP", "JogodaVelha.UWP\JogodaVelha.UWP.csproj", "{9F0CB355-2F6F-4062-87F9-3FF34FADBD4D}"
EndProject
Project("{FAE04EC0-301F-11D3-BF4B-00C04F79EFBC}") = "JogodaVelha.Android", "JogodaVelha.Android\JogodaVelha.Android.csproj", "{05E66993-E8B6-4A66-883B-7E455BCD6024}"
EndProject
Project("{FAE04EC0-301F-11D3-BF4B-00C04F79EFBC}") = "JogodaVelha.iOS", "JogodaVelha.iOS\JogodaVelha.iOS.csproj", "{9E921243-0E64-44F6-9373-4E9F31B55A13}"
EndProject
Project("{FAE04EC0-301F-11D3-BF4B-00C04F79EFBC}") = "JogodaVelha", "JogodaVelha\JogodaVelha.csproj", "{C16F0CA9-7DA3-4537-9CA9-5BF315D2149E}"
EndProject
Global
	GlobalSection(SolutionConfigurationPlatforms) = preSolution
		Debug|Any CPU = Debug|Any CPU
		Debug|ARM = Debug|ARM
		Debug|iPhone = Debug|iPhone
		Debug|iPhoneSimulator = Debug|iPhoneSimulator
		Debug|x64 = Debug|x64
		Debug|x86 = Debug|x86
		Release|Any CPU = Release|Any CPU
		Release|ARM = Release|ARM
		Release|iPhone = Release|iPhone
		Release|iPhoneSimulator = Release|iPhoneSimulator
		Release|x64 = Release|x64
		Release|x86 = Release|x86
	EndGlobalSection
	GlobalSection(ProjectConfigurationPlatforms) = postSolution
		{9F0CB355-2F6F-4062-87F9-3FF34FADBD4D}.Debug|Any CPU.ActiveCfg = Debug|x64
		{9F0CB355-2F6F-4062-87F9-3FF34FADBD4D}.Debug|Any CPU.Build.0 = Debug|x64
		{9F0CB355-2F6F-4062-87F9-3FF34FADBD4D}.Debug|Any CPU.Deploy.0 = Debug|x64
		{9F0CB355-2F6F-4062-87F9-3FF34FADBD4D}.Debug|ARM.ActiveCfg = Debug|ARM
		{9F0CB355-2F6F-4062-87F9-3FF34FADBD4D}.Debug|ARM.Build.0 = Debug|ARM
		{9F0CB355-2F6F-4062-87F9-3FF34FADBD4D}.Debug|ARM.Deploy.0 = Debug|ARM
		{9F0CB355-2F6F-4062-87F9-3FF34FADBD4D}.Debug|iPhone.ActiveCfg = Debug|x64
		{9F0CB355-2F6F-4062-87F9-3FF34FADBD4D}.Debug|iPhone.Build.0 = Debug|x64
		{9F0CB355-2F6F-4062-87F9-3FF34FADBD4D}.Debug|iPhone.Deploy.0 = Debug|x64
		{9F0CB355-2F6F-4062-87F9-3FF34FADBD4D}.Debug|iPhoneSimulator.ActiveCfg = Debug|x64
		{9F0CB355-2F6F-4062-87F9-3FF34FADBD4D}.Debug|iPhoneSimulator.Build.0 = Debug|x64
		{9F0CB355-2F6F-4062-87F9-3FF34FADBD4D}.Debug|iPhoneSimulator.Deploy.0 = Debug|x64
		{9F0CB355-2F6F-4062-87F9-3FF34FADBD4D}.Debug|x64.ActiveCfg = Debug|x64
		{9F0CB355-2F6F-4062-87F9-3FF34FADBD4D}.Debug|x64.Build.0 = Debug|x64
		{9F0CB355-2F6F-4062-87F9-3FF34FADBD4D}.Debug|x64.Deploy.0 = Debug|x64
		{9F0CB355-2F6F-4062-87F9-3FF34FADBD4D}.Debug|x86.ActiveCfg = Debug|x86
		{9F0CB355-2F6F-4062-87F9-3FF34FADBD4D}.Debug|x86.Build.0 = Debug|x86
		{9F0CB355-2F6F-4062-87F9-3FF34FADBD4D}.Debug|x86.Deploy.0 = Debug|x86
		{9F0CB355-2F6F-4062-87F9-3FF34FADBD4D}.Release|Any CPU.ActiveCfg = Release|x64
		{9F0CB355-2F6F-4062-87F9-3FF34FADBD4D}.Release|Any CPU.Build.0 = Release|x64
		{9F0CB355-2F6F-4062-87F9-3FF34FADBD4D}.Release|Any CPU.Deploy.0 = Release|x64
		{9F0CB355-2F6F-4062-87F9-3FF34FADBD4D}.Release|ARM.ActiveCfg = Release|ARM
		{9F0CB355-2F6F-4062-87F9-3FF34FADBD4D}.Release|ARM.Build.0 = Release|ARM
		{9F0CB355-2F6F-4062-87F9-3FF34FADBD4D}.Release|ARM.Deploy.0 = Release|ARM
		{9F0CB355-2F6F-4062-87F9-3FF34FADBD4D}.Release|iPhone.ActiveCfg = Release|x64
		{9F0CB355-2F6F-4062-87F9-3FF34FADBD4D}.Release|iPhone.Build.0 = Release|x64
		{9F0CB355-2F6F-4062-87F9-3FF34FADBD4D}.Release|iPhone.Deploy.0 = Release|x64
		{9F0CB355-2F6F-4062-87F9-3FF34FADBD4D}.Release|iPhoneSimulator.ActiveCfg = Release|x64
		{9F0CB355-2F6F-4062-87F9-3FF34FADBD4D}.Release|iPhoneSimulator.Build.0 = Release|x64
		{9F0CB355-2F6F-4062-87F9-3FF34FADBD4D}.Release|iPhoneSimulator.Deploy.0 = Release|x64
		{9F0CB355-2F6F-4062-87F9-3FF34FADBD4D}.Release|x64.ActiveCfg = Release|x64
		{9F0CB355-2F6F-4062-87F9-3FF34FADBD4D}.Release|x64.Build.0 = Release|x64
		{9F0CB355-2F6F-4062-87F9-3FF34FADBD4D}.Release|x64.Deploy.0 = Release|x64
		{9F0CB355-2F6F-4062-87F9-3FF34FADBD4D}.Release|x86.ActiveCfg = Release|x86
		{9F0CB355-2F6F-4062-87F9-3FF34FADBD4D}.Release|x86.Build.0 = Release|x86
		{9F0CB355-2F6F-4062-87F9-3FF34FADBD4D}.Release|x86.Deploy.0 = Release|x86
		{05E66993-E8B6-4A66-883B-7E455BCD6024}.Debug|Any CPU.ActiveCfg = Debug|Any CPU
		{05E66993-E8B6-4A66-883B-7E455BCD6024}.Debug|Any CPU.Build.0 = Debug|Any CPU
		{05E66993-E8B6-4A66-883B-7E455BCD6024}.Debug|Any CPU.Deploy.0 = Debug|Any CPU
		{05E66993-E8B6-4A66-883B-7E455BCD6024}.Debug|ARM.ActiveCfg = Debug|Any CPU
		{05E66993-E8B6-4A66-883B-7E455BCD6024}.Debug|ARM.Build.0 = Debug|Any CPU
		{05E66993-E8B6-4A66-883B-7E455BCD6024}.Debug|ARM.Deploy.0 = Debug|Any CPU
		{05E66993-E8B6-4A66-883B-7E455BCD6024}.Debug|iPhone.ActiveCfg = Debug|Any CPU
		{05E66993-E8B6-4A66-883B-7E455BCD6024}.Debug|iPhone.Build.0 = Debug|Any CPU
		{05E66993-E8B6-4A66-883B-7E455BCD6024}.Debug|iPhone.Deploy.0 = Debug|Any CPU
		{05E66993-E8B6-4A66-883B-7E455BCD6024}.Debug|iPhoneSimulator.ActiveCfg = Debug|Any CPU
		{05E66993-E8B6-4A66-883B-7E455BCD6024}.Debug|iPhoneSimulator.Build.0 = Debug|Any CPU
		{05E66993-E8B6-4A66-883B-7E455BCD6024}.Debug|iPhoneSimulator.Deploy.0 = Debug|Any CPU
		{05E66993-E8B6-4A66-883B-7E455BCD6024}.Debug|x64.ActiveCfg = Debug|Any CPU
		{05E66993-E8B6-4A66-883B-7E455BCD6024}.Debug|x64.Build.0 = Debug|Any CPU
		{05E66993-E8B6-4A66-883B-7E455BCD6024}.Debug|x64.Deploy.0 = Debug|Any CPU
		{05E66993-E8B6-4A66-883B-7E455BCD6024}.Debug|x86.ActiveCfg = Debug|Any CPU
		{05E66993-E8B6-4A66-883B-7E455BCD6024}.Debug|x86.Build.0 = Debug|Any CPU
		{05E66993-E8B6-4A66-883B-7E455BCD6024}.Debug|x86.Deploy.0 = Debug|Any CPU
		{05E66993-E8B6-4A66-883B-7E455BCD6024}.Release|Any CPU.ActiveCfg = Release|Any CPU
		{05E66993-E8B6-4A66-883B-7E455BCD6024}.Release|Any CPU.Build.0 = Release|Any CPU
		{05E66993-E8B6-4A66-883B-7E455BCD6024}.Release|Any CPU.Deploy.0 = Release|Any CPU
		{05E66993-E8B6-4A66-883B-7E455BCD6024}.Release|ARM.ActiveCfg = Release|Any CPU
		{05E66993-E8B6-4A66-883B-7E455BCD6024}.Release|ARM.Build.0 = Release|Any CPU
		{05E66993-E8B6-4A66-883B-7E455BCD6024}.Release|ARM.Deploy.0 = Release|Any CPU
		{05E66993-E8B6-4A66-883B-7E455BCD6024}.Release|iPhone.ActiveCfg = Release|Any CPU
		{05E66993-E8B6-4A66-883B-7E455BCD6024}.Release|iPhone.Build.0 = Release|Any CPU
		{05E66993-E8B6-4A66-883B-7E455BCD6024}.Release|iPhone.Deploy.0 = Release|Any CPU
		{05E66993-E8B6-4A66-883B-7E455BCD6024}.Release|iPhoneSimulator.ActiveCfg = Release|Any CPU
		{05E66993-E8B6-4A66-883B-7E455BCD6024}.Release|iPhoneSimulator.Build.0 = Release|Any CPU
		{05E66993-E8B6-4A66-883B-7E455BCD6024}.Release|iPhoneSimulator.Deploy.0 = Release|Any CPU
		{05E66993-E8B6-4A66-883B-7E455BCD6024}.Release|x64.ActiveCfg = Release|Any CPU
		{05E66993-E8B6-4A66-883B-7E455BCD6024}.Release|x64.Build.0 = Release|Any CPU
		{05E66993-E8B6-4A66-883B-7E455BCD6024}.Release|x64.Deploy.0 = Release|Any CPU
		{05E66993-E8B6-4A66-883B-7E455BCD6024}.Release|x86.ActiveCfg = Release|Any CPU
		{05E66993-E8B6-4A66-883B-7E455BCD6024}.Release|x86.Build.0 = Release|Any CPU
		{05E66993-E8B6-4A66-883B-7E455BCD6024}.Release|x86.Deploy.0 = Release|Any CPU
		{9E921243-0E64-44F6-9373-4E9F31B55A13}.Debug|Any CPU.ActiveCfg = Debug|iPhoneSimulator
		{9E921243-0E64-44F6-9373-4E9F31B55A13}.Debug|Any CPU.Build.0 = Debug|iPhoneSimulator
		{9E921243-0E64-44F6-9373-4E9F31B55A13}.Debug|Any CPU.Deploy.0 = Debug|iPhoneSimulator
		{9E921243-0E64-44F6-9373-4E9F31B55A13}.Debug|ARM.ActiveCfg = Debug|iPhoneSimulator
		{9E921243-0E64-44F6-9373-4E9F31B55A13}.Debug|ARM.Build.0 = Debug|iPhoneSimulator
		{9E921243-0E64-44F6-9373-4E9F31B55A13}.Debug|ARM.Deploy.0 = Debug|iPhoneSimulator
		{9E921243-0E64-44F6-9373-4E9F31B55A13}.Debug|iPhone.ActiveCfg = Debug|iPhone
		{9E921243-0E64-44F6-9373-4E9F31B55A13}.Debug|iPhone.Build.0 = Debug|iPhone
		{9E921243-0E64-44F6-9373-4E9F31B55A13}.Debug|iPhone.Deploy.0 = Debug|iPhone
		{9E921243-0E64-44F6-9373-4E9F31B55A13}.Debug|iPhoneSimulator.ActiveCfg = Debug|iPhoneSimulator
		{9E921243-0E64-44F6-9373-4E9F31B55A13}.Debug|iPhoneSimulator.Build.0 = Debug|iPhoneSimulator
		{9E921243-0E64-44F6-9373-4E9F31B55A13}.Debug|iPhoneSimulator.Deploy.0 = Debug|iPhoneSimulator
		{9E921243-0E64-44F6-9373-4E9F31B55A13}.Debug|x64.ActiveCfg = Debug|iPhone
		{9E921243-0E64-44F6-9373-4E9F31B55A13}.Debug|x64.Build.0 = Debug|iPhone
		{9E921243-0E64-44F6-9373-4E9F31B55A13}.Debug|x64.Deploy.0 = Debug|iPhone
		{9E921243-0E64-44F6-9373-4E9F31B55A13}.Debug|x86.ActiveCfg = Debug|iPhoneSimulator
		{9E921243-0E64-44F6-9373-4E9F31B55A13}.Debug|x86.Build.0 = Debug|iPhoneSimulator
		{9E921243-0E64-44F6-9373-4E9F31B55A13}.Debug|x86.Deploy.0 = Debug|iPhoneSimulator
		{9E921243-0E64-44F6-9373-4E9F31B55A13}.Release|Any CPU.ActiveCfg = Release|iPhoneSimulator
		{9E921243-0E64-44F6-9373-4E9F31B55A13}.Release|Any CPU.Build.0 = Release|iPhoneSimulator
		{9E921243-0E64-44F6-9373-4E9F31B55A13}.Release|Any CPU.Deploy.0 = Release|iPhoneSimulator
		{9E921243-0E64-44F6-9373-4E9F31B55A13}.Release|ARM.ActiveCfg = Release|iPhoneSimulator
		{9E921243-0E64-44F6-9373-4E9F31B55A13}.Release|ARM.Build.0 = Release|iPhoneSimulator
		{9E921243-0E64-44F6-9373-4E9F31B55A13}.Release|ARM.Deploy.0 = Release|iPhoneSimulator
		{9E921243-0E64-44F6-9373-4E9F31B55A13}.Release|iPhone.ActiveCfg = Release|iPhone
		{9E921243-0E64-44F6-9373-4E9F31B55A13}.Release|iPhone.Build.0 = Release|iPhone
		{9E921243-0E64-44F6-9373-4E9F31B55A13}.Release|iPhone.Deploy.0 = Release|iPhone
		{9E921243-0E64-44F6-9373-4E9F31B55A13}.Release|iPhoneSimulator.ActiveCfg = Release|iPhoneSimulator
		{9E921243-0E64-44F6-9373-4E9F31B55A13}.Release|iPhoneSimulator.Build.0 = Release|iPhoneSimulator
		{9E921243-0E64-44F6-9373-4E9F31B55A13}.Release|iPhoneSimulator.Deploy.0 = Release|iPhoneSimulator
		{9E921243-0E64-44F6-9373-4E9F31B55A13}.Release|x64.ActiveCfg = Release|iPhoneSimulator
		{9E921243-0E64-44F6-9373-4E9F31B55A13}.Release|x64.Build.0 = Release|iPhoneSimulator
		{9E921243-0E64-44F6-9373-4E9F31B55A13}.Release|x64.Deploy.0 = Release|iPhoneSimulator
		{9E921243-0E64-44F6-9373-4E9F31B55A13}.Release|x86.ActiveCfg = Release|iPhoneSimulator
		{9E921243-0E64-44F6-9373-4E9F31B55A13}.Release|x86.Build.0 = Release|iPhoneSimulator
		{9E921243-0E64-44F6-9373-4E9F31B55A13}.Release|x86.Deploy.0 = Release|iPhoneSimulator
		{C16F0CA9-7DA3-4537-9CA9-5BF315D2149E}.Debug|Any CPU.ActiveCfg = Debug|Any CPU
		{C16F0CA9-7DA3-4537-9CA9-5BF315D2149E}.Debug|Any CPU.Build.0 = Debug|Any CPU
		{C16F0CA9-7DA3-4537-9CA9-5BF315D2149E}.Debug|Any CPU.Deploy.0 = Debug|Any CPU
		{C16F0CA9-7DA3-4537-9CA9-5BF315D2149E}.Debug|ARM.ActiveCfg = Debug|Any CPU
		{C16F0CA9-7DA3-4537-9CA9-5BF315D2149E}.Debug|ARM.Build.0 = Debug|Any CPU
		{C16F0CA9-7DA3-4537-9CA9-5BF315D2149E}.Debug|ARM.Deploy.0 = Debug|Any CPU
		{C16F0CA9-7DA3-4537-9CA9-5BF315D2149E}.Debug|iPhone.ActiveCfg = Debug|Any CPU
		{C16F0CA9-7DA3-4537-9CA9-5BF315D2149E}.Debug|iPhone.Build.0 = Debug|Any CPU
		{C16F0CA9-7DA3-4537-9CA9-5BF315D2149E}.Debug|iPhone.Deploy.0 = Debug|Any CPU
		{C16F0CA9-7DA3-4537-9CA9-5BF315D2149E}.Debug|iPhoneSimulator.ActiveCfg = Debug|Any CPU
		{C16F0CA9-7DA3-4537-9CA9-5BF315D2149E}.Debug|iPhoneSimulator.Build.0 = Debug|Any CPU
		{C16F0CA9-7DA3-4537-9CA9-5BF315D2149E}.Debug|iPhoneSimulator.Deploy.0 = Debug|Any CPU
		{C16F0CA9-7DA3-4537-9CA9-5BF315D2149E}.Debug|x64.ActiveCfg = Debug|Any CPU
		{C16F0CA9-7DA3-4537-9CA9-5BF315D2149E}.Debug|x64.Build.0 = Debug|Any CPU
		{C16F0CA9-7DA3-4537-9CA9-5BF315D2149E}.Debug|x64.Deploy.0 = Debug|Any CPU
		{C16F0CA9-7DA3-4537-9CA9-5BF315D2149E}.Debug|x86.ActiveCfg = Debug|Any CPU
		{C16F0CA9-7DA3-4537-9CA9-5BF315D2149E}.Debug|x86.Build.0 = Debug|Any CPU
		{C16F0CA9-7DA3-4537-9CA9-5BF315D2149E}.Debug|x86.Deploy.0 = Debug|Any CPU
		{C16F0CA9-7DA3-4537-9CA9-5BF315D2149E}.Release|Any CPU.ActiveCfg = Release|Any CPU
		{C16F0CA9-7DA3-4537-9CA9-5BF315D2149E}.Release|Any CPU.Build.0 = Release|Any CPU
		{C16F0CA9-7DA3-4537-9CA9-5BF315D2149E}.Release|Any CPU.Deploy.0 = Release|Any CPU
		{C16F0CA9-7DA3-4537-9CA9-5BF315D2149E}.Release|ARM.ActiveCfg = Release|Any CPU
		{C16F0CA9-7DA3-4537-9CA9-5BF315D2149E}.Release|ARM.Build.0 = Release|Any CPU
		{C16F0CA9-7DA3-4537-9CA9-5BF315D2149E}.Release|ARM.Deploy.0 = Release|Any CPU
		{C16F0CA9-7DA3-4537-9CA9-5BF315D2149E}.Release|iPhone.ActiveCfg = Release|Any CPU
		{C16F0CA9-7DA3-4537-9CA9-5BF315D2149E}.Release|iPhone.Build.0 = Release|Any CPU
		{C16F0CA9-7DA3-4537-9CA9-5BF315D2149E}.Release|iPhone.Deploy.0 = Release|Any CPU
		{C16F0CA9-7DA3-4537-9CA9-5BF315D2149E}.Release|iPhoneSimulator.ActiveCfg = Release|Any CPU
		{C16F0CA9-7DA3-4537-9CA9-5BF315D2149E}.Release|iPhoneSimulator.Build.0 = Release|Any CPU
		{C16F0CA9-7DA3-4537-9CA9-5BF315D2149E}.Release|iPhoneSimulator.Deploy.0 = Release|Any CPU
		{C16F0CA9-7DA3-4537-9CA9-5BF315D2149E}.Release|x64.ActiveCfg = Release|Any CPU
		{C16F0CA9-7DA3-4537-9CA9-5BF315D2149E}.Release|x64.Build.0 = Release|Any CPU
		{C16F0CA9-7DA3-4537-9CA9-5BF315D2149E}.Release|x64.Deploy.0 = Release|Any CPU
		{C16F0CA9-7DA3-4537-9CA9-5BF315D2149E}.Release|x86.ActiveCfg = Release|Any CPU
		{C16F0CA9-7DA3-4537-9CA9-5BF315D2149E}.Release|x86.Build.0 = Release|Any CPU
		{C16F0CA9-7DA3-4537-9CA9-5BF315D2149E}.Release|x86.Deploy.0 = Release|Any CPU
	EndGlobalSection
	GlobalSection(SolutionProperties) = preSolution
		HideSolutionNode = FALSE
	EndGlobalSection
	GlobalSection(ExtensibilityGlobals) = postSolution
		SolutionGuid = {DB4A2D3C-92E4-485C-BD32-CD2F93C65358}
	EndGlobalSection
EndGlobal
